// !$*UTF8*$!
{
	archiveVersion = 1;
	classes = {
	};
	objectVersion = 46;
	objects = {

/* Begin PBXBuildFile section */
		AB24BE5B1C6364CE007CF427 /* IAUrlConstants.m in Sources */ = {isa = PBXBuildFile; fileRef = AB24BE5A1C6364CE007CF427 /* IAUrlConstants.m */; };
		AB24BE5F1C636A4D007CF427 /* IAMovieViewController.m in Sources */ = {isa = PBXBuildFile; fileRef = AB24BE5E1C636A4D007CF427 /* IAMovieViewController.m */; };
		AB27E88D1C62379A0056D21F /* IAGenre.m in Sources */ = {isa = PBXBuildFile; fileRef = AB27E88C1C62379A0056D21F /* IAGenre.m */; };
		AB3F49BB1C5F941600F677B9 /* IAMoviesCollection.m in Sources */ = {isa = PBXBuildFile; fileRef = AB3F49BA1C5F941600F677B9 /* IAMoviesCollection.m */; };
		AB3F49BE1C5F959400F677B9 /* IAMovie.m in Sources */ = {isa = PBXBuildFile; fileRef = AB3F49BD1C5F959400F677B9 /* IAMovie.m */; };
		AB3F49C21C5F9FC100F677B9 /* IAFormatterHelper.m in Sources */ = {isa = PBXBuildFile; fileRef = AB3F49C11C5F9FC100F677B9 /* IAFormatterHelper.m */; };
		AB3F49C61C5FA2E300F677B9 /* IAMovieDbClient.m in Sources */ = {isa = PBXBuildFile; fileRef = AB3F49C51C5FA2E300F677B9 /* IAMovieDbClient.m */; };
		AB749BF71C63A5070091C4DE /* IAAllMoviesTableViewCell.xib in Resources */ = {isa = PBXBuildFile; fileRef = AB749BF61C63A5070091C4DE /* IAAllMoviesTableViewCell.xib */; };
		AB749BFA1C63A8B30091C4DE /* IAAllMoviesTableViewCell.m in Sources */ = {isa = PBXBuildFile; fileRef = AB749BF91C63A8B30091C4DE /* IAAllMoviesTableViewCell.m */; };
		AB749BFD1C63B2AA0091C4DE /* IAMovieCollection.m in Sources */ = {isa = PBXBuildFile; fileRef = AB749BFC1C63B2AA0091C4DE /* IAMovieCollection.m */; };
		AB749C001C6488000091C4DE /* IAMoviesViewController.m in Sources */ = {isa = PBXBuildFile; fileRef = AB749BFF1C6488000091C4DE /* IAMoviesViewController.m */; };
		AB8F5CB11C5E90F50055E98C /* main.m in Sources */ = {isa = PBXBuildFile; fileRef = AB8F5CB01C5E90F50055E98C /* main.m */; };
		AB8F5CB41C5E90F50055E98C /* IAAppDelegate.m in Sources */ = {isa = PBXBuildFile; fileRef = AB8F5CB31C5E90F50055E98C /* IAAppDelegate.m */; };
		AB8F5CBA1C5E90F60055E98C /* Main.storyboard in Resources */ = {isa = PBXBuildFile; fileRef = AB8F5CB81C5E90F60055E98C /* Main.storyboard */; };
		AB8F5CBC1C5E90F60055E98C /* Assets.xcassets in Resources */ = {isa = PBXBuildFile; fileRef = AB8F5CBB1C5E90F60055E98C /* Assets.xcassets */; };
		AB8F5CBF1C5E90F60055E98C /* LaunchScreen.storyboard in Resources */ = {isa = PBXBuildFile; fileRef = AB8F5CBD1C5E90F60055E98C /* LaunchScreen.storyboard */; };
		ABF5B4641C65E9DD00AFA657 /* IAAllMoviesByTypeViewController.m in Sources */ = {isa = PBXBuildFile; fileRef = ABF5B4631C65E9DD00AFA657 /* IAAllMoviesByTypeViewController.m */; };
		C10D92EAECDF969CD9183FED /* libPods-WhatToWatchTonight.a in Frameworks */ = {isa = PBXBuildFile; fileRef = 0C634A3486ECAD4FDD9453EF /* libPods-WhatToWatchTonight.a */; };
/* End PBXBuildFile section */

/* Begin PBXFileReference section */
		0A4DB2535695212089D0A5F1 /* Pods-WhatToWatchTonight.release.xcconfig */ = {isa = PBXFileReference; includeInIndex = 1; lastKnownFileType = text.xcconfig; name = "Pods-WhatToWatchTonight.release.xcconfig"; path = "Pods/Target Support Files/Pods-WhatToWatchTonight/Pods-WhatToWatchTonight.release.xcconfig"; sourceTree = "<group>"; };
		0C634A3486ECAD4FDD9453EF /* libPods-WhatToWatchTonight.a */ = {isa = PBXFileReference; explicitFileType = archive.ar; includeInIndex = 0; path = "libPods-WhatToWatchTonight.a"; sourceTree = BUILT_PRODUCTS_DIR; };
		AB24BE591C6364CE007CF427 /* IAUrlConstants.h */ = {isa = PBXFileReference; fileEncoding = 4; lastKnownFileType = sourcecode.c.h; name = IAUrlConstants.h; path = Constants/IAUrlConstants.h; sourceTree = "<group>"; };
		AB24BE5A1C6364CE007CF427 /* IAUrlConstants.m */ = {isa = PBXFileReference; fileEncoding = 4; lastKnownFileType = sourcecode.c.objc; name = IAUrlConstants.m; path = Constants/IAUrlConstants.m; sourceTree = "<group>"; };
		AB24BE5D1C636A4D007CF427 /* IAMovieViewController.h */ = {isa = PBXFileReference; fileEncoding = 4; lastKnownFileType = sourcecode.c.h; name = IAMovieViewController.h; path = ViewControllers/IAMovieViewController.h; sourceTree = "<group>"; };
		AB24BE5E1C636A4D007CF427 /* IAMovieViewController.m */ = {isa = PBXFileReference; fileEncoding = 4; lastKnownFileType = sourcecode.c.objc; name = IAMovieViewController.m; path = ViewControllers/IAMovieViewController.m; sourceTree = "<group>"; };
		AB27E88B1C62379A0056D21F /* IAGenre.h */ = {isa = PBXFileReference; fileEncoding = 4; lastKnownFileType = sourcecode.c.h; name = IAGenre.h; path = Models/IAGenre.h; sourceTree = "<group>"; };
		AB27E88C1C62379A0056D21F /* IAGenre.m */ = {isa = PBXFileReference; fileEncoding = 4; lastKnownFileType = sourcecode.c.objc; name = IAGenre.m; path = Models/IAGenre.m; sourceTree = "<group>"; };
		AB3F49B91C5F941600F677B9 /* IAMoviesCollection.h */ = {isa = PBXFileReference; fileEncoding = 4; lastKnownFileType = sourcecode.c.h; name = IAMoviesCollection.h; path = Models/IAMoviesCollection.h; sourceTree = "<group>"; };
		AB3F49BA1C5F941600F677B9 /* IAMoviesCollection.m */ = {isa = PBXFileReference; fileEncoding = 4; lastKnownFileType = sourcecode.c.objc; name = IAMoviesCollection.m; path = Models/IAMoviesCollection.m; sourceTree = "<group>"; };
		AB3F49BC1C5F959400F677B9 /* IAMovie.h */ = {isa = PBXFileReference; fileEncoding = 4; lastKnownFileType = sourcecode.c.h; name = IAMovie.h; path = Models/IAMovie.h; sourceTree = "<group>"; };
		AB3F49BD1C5F959400F677B9 /* IAMovie.m */ = {isa = PBXFileReference; fileEncoding = 4; lastKnownFileType = sourcecode.c.objc; name = IAMovie.m; path = Models/IAMovie.m; sourceTree = "<group>"; };
		AB3F49C01C5F9FC100F677B9 /* IAFormatterHelper.h */ = {isa = PBXFileReference; fileEncoding = 4; lastKnownFileType = sourcecode.c.h; name = IAFormatterHelper.h; path = Helpers/IAFormatterHelper.h; sourceTree = "<group>"; };
		AB3F49C11C5F9FC100F677B9 /* IAFormatterHelper.m */ = {isa = PBXFileReference; fileEncoding = 4; lastKnownFileType = sourcecode.c.objc; name = IAFormatterHelper.m; path = Helpers/IAFormatterHelper.m; sourceTree = "<group>"; };
		AB3F49C41C5FA2E300F677B9 /* IAMovieDbClient.h */ = {isa = PBXFileReference; fileEncoding = 4; lastKnownFileType = sourcecode.c.h; name = IAMovieDbClient.h; path = Data/IAMovieDbClient.h; sourceTree = "<group>"; };
		AB3F49C51C5FA2E300F677B9 /* IAMovieDbClient.m */ = {isa = PBXFileReference; fileEncoding = 4; lastKnownFileType = sourcecode.c.objc; name = IAMovieDbClient.m; path = Data/IAMovieDbClient.m; sourceTree = "<group>"; };
		AB749BF61C63A5070091C4DE /* IAAllMoviesTableViewCell.xib */ = {isa = PBXFileReference; fileEncoding = 4; lastKnownFileType = file.xib; path = IAAllMoviesTableViewCell.xib; sourceTree = "<group>"; };
		AB749BF81C63A8B30091C4DE /* IAAllMoviesTableViewCell.h */ = {isa = PBXFileReference; fileEncoding = 4; lastKnownFileType = sourcecode.c.h; name = IAAllMoviesTableViewCell.h; path = Views/IAAllMoviesTableViewCell.h; sourceTree = "<group>"; };
		AB749BF91C63A8B30091C4DE /* IAAllMoviesTableViewCell.m */ = {isa = PBXFileReference; fileEncoding = 4; lastKnownFileType = sourcecode.c.objc; name = IAAllMoviesTableViewCell.m; path = Views/IAAllMoviesTableViewCell.m; sourceTree = "<group>"; };
		AB749BFB1C63B2AA0091C4DE /* IAMovieCollection.h */ = {isa = PBXFileReference; fileEncoding = 4; lastKnownFileType = sourcecode.c.h; name = IAMovieCollection.h; path = Models/IAMovieCollection.h; sourceTree = "<group>"; };
		AB749BFC1C63B2AA0091C4DE /* IAMovieCollection.m */ = {isa = PBXFileReference; fileEncoding = 4; lastKnownFileType = sourcecode.c.objc; name = IAMovieCollection.m; path = Models/IAMovieCollection.m; sourceTree = "<group>"; };
		AB749BFE1C6488000091C4DE /* IAMoviesViewController.h */ = {isa = PBXFileReference; fileEncoding = 4; lastKnownFileType = sourcecode.c.h; name = IAMoviesViewController.h; path = ViewControllers/IAMoviesViewController.h; sourceTree = "<group>"; };
		AB749BFF1C6488000091C4DE /* IAMoviesViewController.m */ = {isa = PBXFileReference; fileEncoding = 4; lastKnownFileType = sourcecode.c.objc; name = IAMoviesViewController.m; path = ViewControllers/IAMoviesViewController.m; sourceTree = "<group>"; };
		AB8F5CAC1C5E90F50055E98C /* WhatToWatchTonight.app */ = {isa = PBXFileReference; explicitFileType = wrapper.application; includeInIndex = 0; path = WhatToWatchTonight.app; sourceTree = BUILT_PRODUCTS_DIR; };
		AB8F5CB01C5E90F50055E98C /* main.m */ = {isa = PBXFileReference; lastKnownFileType = sourcecode.c.objc; path = main.m; sourceTree = "<group>"; };
		AB8F5CB21C5E90F50055E98C /* IAAppDelegate.h */ = {isa = PBXFileReference; lastKnownFileType = sourcecode.c.h; path = IAAppDelegate.h; sourceTree = "<group>"; };
		AB8F5CB31C5E90F50055E98C /* IAAppDelegate.m */ = {isa = PBXFileReference; lastKnownFileType = sourcecode.c.objc; path = IAAppDelegate.m; sourceTree = "<group>"; };
		AB8F5CB91C5E90F60055E98C /* Base */ = {isa = PBXFileReference; lastKnownFileType = file.storyboard; name = Base; path = Base.lproj/Main.storyboard; sourceTree = "<group>"; };
		AB8F5CBB1C5E90F60055E98C /* Assets.xcassets */ = {isa = PBXFileReference; lastKnownFileType = folder.assetcatalog; path = Assets.xcassets; sourceTree = "<group>"; };
		AB8F5CBE1C5E90F60055E98C /* Base */ = {isa = PBXFileReference; lastKnownFileType = file.storyboard; name = Base; path = Base.lproj/LaunchScreen.storyboard; sourceTree = "<group>"; };
		AB8F5CC01C5E90F60055E98C /* Info.plist */ = {isa = PBXFileReference; lastKnownFileType = text.plist.xml; path = Info.plist; sourceTree = "<group>"; };
		ABF5B4621C65E9DD00AFA657 /* IAAllMoviesByTypeViewController.h */ = {isa = PBXFileReference; fileEncoding = 4; lastKnownFileType = sourcecode.c.h; name = IAAllMoviesByTypeViewController.h; path = ViewControllers/IAAllMoviesByTypeViewController.h; sourceTree = "<group>"; };
		ABF5B4631C65E9DD00AFA657 /* IAAllMoviesByTypeViewController.m */ = {isa = PBXFileReference; fileEncoding = 4; lastKnownFileType = sourcecode.c.objc; name = IAAllMoviesByTypeViewController.m; path = ViewControllers/IAAllMoviesByTypeViewController.m; sourceTree = "<group>"; };
		ABF5B4661C65EF2C00AFA657 /* IAAllMoviesCellDelegate.h */ = {isa = PBXFileReference; fileEncoding = 4; lastKnownFileType = sourcecode.c.h; name = IAAllMoviesCellDelegate.h; path = Delegates/IAAllMoviesCellDelegate.h; sourceTree = "<group>"; };
		F1174208E1F4607B7BC99E8F /* Pods-WhatToWatchTonight.debug.xcconfig */ = {isa = PBXFileReference; includeInIndex = 1; lastKnownFileType = text.xcconfig; name = "Pods-WhatToWatchTonight.debug.xcconfig"; path = "Pods/Target Support Files/Pods-WhatToWatchTonight/Pods-WhatToWatchTonight.debug.xcconfig"; sourceTree = "<group>"; };
/* End PBXFileReference section */

/* Begin PBXFrameworksBuildPhase section */
		AB8F5CA91C5E90F50055E98C /* Frameworks */ = {
			isa = PBXFrameworksBuildPhase;
			buildActionMask = 2147483647;
			files = (
				C10D92EAECDF969CD9183FED /* libPods-WhatToWatchTonight.a in Frameworks */,
			);
			runOnlyForDeploymentPostprocessing = 0;
		};
/* End PBXFrameworksBuildPhase section */

/* Begin PBXGroup section */
		06542FDDEBFD0DE9984719A5 /* Pods */ = {
			isa = PBXGroup;
			children = (
				F1174208E1F4607B7BC99E8F /* Pods-WhatToWatchTonight.debug.xcconfig */,
				0A4DB2535695212089D0A5F1 /* Pods-WhatToWatchTonight.release.xcconfig */,
			);
			name = Pods;
			sourceTree = "<group>";
		};
		6BAC04DCA9088969479EC43E /* Frameworks */ = {
			isa = PBXGroup;
			children = (
				0C634A3486ECAD4FDD9453EF /* libPods-WhatToWatchTonight.a */,
			);
			name = Frameworks;
			sourceTree = "<group>";
		};
		AB24BE581C6364A8007CF427 /* Constants */ = {
			isa = PBXGroup;
			children = (
				AB24BE591C6364CE007CF427 /* IAUrlConstants.h */,
				AB24BE5A1C6364CE007CF427 /* IAUrlConstants.m */,
			);
			name = Constants;
			sourceTree = "<group>";
		};
		AB24BE5C1C6369ED007CF427 /* ViewControllers */ = {
			isa = PBXGroup;
			children = (
				AB24BE5D1C636A4D007CF427 /* IAMovieViewController.h */,
				AB24BE5E1C636A4D007CF427 /* IAMovieViewController.m */,
				AB749BFE1C6488000091C4DE /* IAMoviesViewController.h */,
				AB749BFF1C6488000091C4DE /* IAMoviesViewController.m */,
				ABF5B4621C65E9DD00AFA657 /* IAAllMoviesByTypeViewController.h */,
				ABF5B4631C65E9DD00AFA657 /* IAAllMoviesByTypeViewController.m */,
			);
			name = ViewControllers;
			sourceTree = "<group>";
		};
		AB3F49B81C5F92FF00F677B9 /* Models */ = {
			isa = PBXGroup;
			children = (
				AB3F49B91C5F941600F677B9 /* IAMoviesCollection.h */,
				AB3F49BA1C5F941600F677B9 /* IAMoviesCollection.m */,
				AB3F49BC1C5F959400F677B9 /* IAMovie.h */,
				AB3F49BD1C5F959400F677B9 /* IAMovie.m */,
				AB27E88C1C62379A0056D21F /* IAGenre.m */,
				AB27E88B1C62379A0056D21F /* IAGenre.h */,
				AB749BFB1C63B2AA0091C4DE /* IAMovieCollection.h */,
				AB749BFC1C63B2AA0091C4DE /* IAMovieCollection.m */,
			);
			name = Models;
			sourceTree = "<group>";
		};
		AB3F49BF1C5F9F9D00F677B9 /* Helpers */ = {
			isa = PBXGroup;
			children = (
				AB3F49C01C5F9FC100F677B9 /* IAFormatterHelper.h */,
				AB3F49C11C5F9FC100F677B9 /* IAFormatterHelper.m */,
			);
			name = Helpers;
			sourceTree = "<group>";
		};
		AB3F49C31C5FA2C200F677B9 /* Data */ = {
			isa = PBXGroup;
			children = (
				AB3F49C41C5FA2E300F677B9 /* IAMovieDbClient.h */,
				AB3F49C51C5FA2E300F677B9 /* IAMovieDbClient.m */,
			);
			name = Data;
			sourceTree = "<group>";
		};
		AB749BF51C63A4840091C4DE /* Views */ = {
			isa = PBXGroup;
			children = (
				AB749BF61C63A5070091C4DE /* IAAllMoviesTableViewCell.xib */,
				AB749BF81C63A8B30091C4DE /* IAAllMoviesTableViewCell.h */,
				AB749BF91C63A8B30091C4DE /* IAAllMoviesTableViewCell.m */,
			);
			name = Views;
			sourceTree = "<group>";
		};
		AB8F5CA31C5E90F50055E98C = {
			isa = PBXGroup;
			children = (
				AB8F5CAE1C5E90F50055E98C /* WhatToWatchTonight */,
				AB8F5CAD1C5E90F50055E98C /* Products */,
				06542FDDEBFD0DE9984719A5 /* Pods */,
				6BAC04DCA9088969479EC43E /* Frameworks */,
			);
			sourceTree = "<group>";
		};
		AB8F5CAD1C5E90F50055E98C /* Products */ = {
			isa = PBXGroup;
			children = (
				AB8F5CAC1C5E90F50055E98C /* WhatToWatchTonight.app */,
			);
			name = Products;
			sourceTree = "<group>";
		};
		AB8F5CAE1C5E90F50055E98C /* WhatToWatchTonight */ = {
			isa = PBXGroup;
			children = (
				ABF5B4651C65EECA00AFA657 /* Delegates */,
				AB749BF51C63A4840091C4DE /* Views */,
				AB24BE5C1C6369ED007CF427 /* ViewControllers */,
				AB24BE581C6364A8007CF427 /* Constants */,
				AB3F49C31C5FA2C200F677B9 /* Data */,
				AB3F49BF1C5F9F9D00F677B9 /* Helpers */,
				AB3F49B81C5F92FF00F677B9 /* Models */,
				AB8F5CB21C5E90F50055E98C /* IAAppDelegate.h */,
				AB8F5CB31C5E90F50055E98C /* IAAppDelegate.m */,
				AB8F5CB81C5E90F60055E98C /* Main.storyboard */,
				AB8F5CBB1C5E90F60055E98C /* Assets.xcassets */,
				AB8F5CBD1C5E90F60055E98C /* LaunchScreen.storyboard */,
				AB8F5CC01C5E90F60055E98C /* Info.plist */,
				AB8F5CAF1C5E90F50055E98C /* Supporting Files */,
			);
			path = WhatToWatchTonight;
			sourceTree = "<group>";
		};
		AB8F5CAF1C5E90F50055E98C /* Supporting Files */ = {
			isa = PBXGroup;
			children = (
				AB8F5CB01C5E90F50055E98C /* main.m */,
			);
			name = "Supporting Files";
			sourceTree = "<group>";
		};
		ABF5B4651C65EECA00AFA657 /* Delegates */ = {
			isa = PBXGroup;
			children = (
				ABF5B4661C65EF2C00AFA657 /* IAAllMoviesCellDelegate.h */,
			);
			name = Delegates;
			sourceTree = "<group>";
		};
/* End PBXGroup section */

/* Begin PBXNativeTarget section */
		AB8F5CAB1C5E90F50055E98C /* WhatToWatchTonight */ = {
			isa = PBXNativeTarget;
			buildConfigurationList = AB8F5CC31C5E90F60055E98C /* Build configuration list for PBXNativeTarget "WhatToWatchTonight" */;
			buildPhases = (
				D95616209B0B8A0616023DFB /* Check Pods Manifest.lock */,
				AB8F5CA81C5E90F50055E98C /* Sources */,
				AB8F5CA91C5E90F50055E98C /* Frameworks */,
				AB8F5CAA1C5E90F50055E98C /* Resources */,
				8BFA5C055CAC2013A2BDB791 /* Embed Pods Frameworks */,
				A69541624337BAE31B61F1BD /* Copy Pods Resources */,
			);
			buildRules = (
			);
			dependencies = (
			);
			name = WhatToWatchTonight;
			productName = WhatToWatchTonight;
			productReference = AB8F5CAC1C5E90F50055E98C /* WhatToWatchTonight.app */;
			productType = "com.apple.product-type.application";
		};
/* End PBXNativeTarget section */

/* Begin PBXProject section */
		AB8F5CA41C5E90F50055E98C /* Project object */ = {
			isa = PBXProject;
			attributes = {
				LastUpgradeCheck = 0720;
				ORGANIZATIONNAME = "Iliyan Atkov";
				TargetAttributes = {
					AB8F5CAB1C5E90F50055E98C = {
						CreatedOnToolsVersion = 7.2;
					};
				};
			};
			buildConfigurationList = AB8F5CA71C5E90F50055E98C /* Build configuration list for PBXProject "WhatToWatchTonight" */;
			compatibilityVersion = "Xcode 3.2";
			developmentRegion = English;
			hasScannedForEncodings = 0;
			knownRegions = (
				en,
				Base,
			);
			mainGroup = AB8F5CA31C5E90F50055E98C;
			productRefGroup = AB8F5CAD1C5E90F50055E98C /* Products */;
			projectDirPath = "";
			projectRoot = "";
			targets = (
				AB8F5CAB1C5E90F50055E98C /* WhatToWatchTonight */,
			);
		};
/* End PBXProject section */

/* Begin PBXResourcesBuildPhase section */
		AB8F5CAA1C5E90F50055E98C /* Resources */ = {
			isa = PBXResourcesBuildPhase;
			buildActionMask = 2147483647;
			files = (
				AB8F5CBF1C5E90F60055E98C /* LaunchScreen.storyboard in Resources */,
				AB8F5CBC1C5E90F60055E98C /* Assets.xcassets in Resources */,
				AB749BF71C63A5070091C4DE /* IAAllMoviesTableViewCell.xib in Resources */,
				AB8F5CBA1C5E90F60055E98C /* Main.storyboard in Resources */,
			);
			runOnlyForDeploymentPostprocessing = 0;
		};
/* End PBXResourcesBuildPhase section */

/* Begin PBXShellScriptBuildPhase section */
		8BFA5C055CAC2013A2BDB791 /* Embed Pods Frameworks */ = {
			isa = PBXShellScriptBuildPhase;
			buildActionMask = 2147483647;
			files = (
			);
			inputPaths = (
			);
			name = "Embed Pods Frameworks";
			outputPaths = (
			);
			runOnlyForDeploymentPostprocessing = 0;
			shellPath = /bin/sh;
			shellScript = "\"${SRCROOT}/Pods/Target Support Files/Pods-WhatToWatchTonight/Pods-WhatToWatchTonight-frameworks.sh\"\n";
			showEnvVarsInLog = 0;
		};
		A69541624337BAE31B61F1BD /* Copy Pods Resources */ = {
			isa = PBXShellScriptBuildPhase;
			buildActionMask = 2147483647;
			files = (
			);
			inputPaths = (
			);
			name = "Copy Pods Resources";
			outputPaths = (
			);
			runOnlyForDeploymentPostprocessing = 0;
			shellPath = /bin/sh;
			shellScript = "\"${SRCROOT}/Pods/Target Support Files/Pods-WhatToWatchTonight/Pods-WhatToWatchTonight-resources.sh\"\n";
			showEnvVarsInLog = 0;
		};
		D95616209B0B8A0616023DFB /* Check Pods Manifest.lock */ = {
			isa = PBXShellScriptBuildPhase;
			buildActionMask = 2147483647;
			files = (
			);
			inputPaths = (
			);
			name = "Check Pods Manifest.lock";
			outputPaths = (
			);
			runOnlyForDeploymentPostprocessing = 0;
			shellPath = /bin/sh;
			shellScript = "diff \"${PODS_ROOT}/../Podfile.lock\" \"${PODS_ROOT}/Manifest.lock\" > /dev/null\nif [[ $? != 0 ]] ; then\n    cat << EOM\nerror: The sandbox is not in sync with the Podfile.lock. Run 'pod install' or update your CocoaPods installation.\nEOM\n    exit 1\nfi\n";
			showEnvVarsInLog = 0;
		};
/* End PBXShellScriptBuildPhase section */

/* Begin PBXSourcesBuildPhase section */
		AB8F5CA81C5E90F50055E98C /* Sources */ = {
			isa = PBXSourcesBuildPhase;
			buildActionMask = 2147483647;
			files = (
				AB749BFD1C63B2AA0091C4DE /* IAMovieCollection.m in Sources */,
				AB3F49BB1C5F941600F677B9 /* IAMoviesCollection.m in Sources */,
				AB749C001C6488000091C4DE /* IAMoviesViewController.m in Sources */,
				AB3F49C21C5F9FC100F677B9 /* IAFormatterHelper.m in Sources */,
				AB3F49BE1C5F959400F677B9 /* IAMovie.m in Sources */,
				AB3F49C61C5FA2E300F677B9 /* IAMovieDbClient.m in Sources */,
				AB24BE5B1C6364CE007CF427 /* IAUrlConstants.m in Sources */,
				AB8F5CB41C5E90F50055E98C /* IAAppDelegate.m in Sources */,
				AB24BE5F1C636A4D007CF427 /* IAMovieViewController.m in Sources */,
				ABF5B4641C65E9DD00AFA657 /* IAAllMoviesByTypeViewController.m in Sources */,
				AB8F5CB11C5E90F50055E98C /* main.m in Sources */,
				AB749BFA1C63A8B30091C4DE /* IAAllMoviesTableViewCell.m in Sources */,
				AB27E88D1C62379A0056D21F /* IAGenre.m in Sources */,
			);
			runOnlyForDeploymentPostprocessing = 0;
		};
/* End PBXSourcesBuildPhase section */

/* Begin PBXVariantGroup section */
		AB8F5CB81C5E90F60055E98C /* Main.storyboard */ = {
			isa = PBXVariantGroup;
			children = (
				AB8F5CB91C5E90F60055E98C /* Base */,
			);
			name = Main.storyboard;
			sourceTree = "<group>";
		};
		AB8F5CBD1C5E90F60055E98C /* LaunchScreen.storyboard */ = {
			isa = PBXVariantGroup;
			children = (
				AB8F5CBE1C5E90F60055E98C /* Base */,
			);
			name = LaunchScreen.storyboard;
			sourceTree = "<group>";
		};
/* End PBXVariantGroup section */

/* Begin XCBuildConfiguration section */
		AB8F5CC11C5E90F60055E98C /* Debug */ = {
			isa = XCBuildConfiguration;
			buildSettings = {
				ALWAYS_SEARCH_USER_PATHS = NO;
				CLANG_CXX_LANGUAGE_STANDARD = "gnu++0x";
				CLANG_CXX_LIBRARY = "libc++";
				CLANG_ENABLE_MODULES = YES;
				CLANG_ENABLE_OBJC_ARC = YES;
				CLANG_WARN_BOOL_CONVERSION = YES;
				CLANG_WARN_CONSTANT_CONVERSION = YES;
				CLANG_WARN_DIRECT_OBJC_ISA_USAGE = YES_ERROR;
				CLANG_WARN_EMPTY_BODY = YES;
				CLANG_WARN_ENUM_CONVERSION = YES;
				CLANG_WARN_INT_CONVERSION = YES;
				CLANG_WARN_OBJC_ROOT_CLASS = YES_ERROR;
				CLANG_WARN_UNREACHABLE_CODE = YES;
				CLANG_WARN__DUPLICATE_METHOD_MATCH = YES;
				"CODE_SIGN_IDENTITY[sdk=iphoneos*]" = "iPhone Developer";
				COPY_PHASE_STRIP = NO;
				DEBUG_INFORMATION_FORMAT = dwarf;
				ENABLE_STRICT_OBJC_MSGSEND = YES;
				ENABLE_TESTABILITY = YES;
				GCC_C_LANGUAGE_STANDARD = gnu99;
				GCC_DYNAMIC_NO_PIC = NO;
				GCC_NO_COMMON_BLOCKS = YES;
				GCC_OPTIMIZATION_LEVEL = 0;
				GCC_PREPROCESSOR_DEFINITIONS = (
					"DEBUG=1",
					"$(inherited)",
				);
				GCC_WARN_64_TO_32_BIT_CONVERSION = YES;
				GCC_WARN_ABOUT_RETURN_TYPE = YES_ERROR;
				GCC_WARN_UNDECLARED_SELECTOR = YES;
				GCC_WARN_UNINITIALIZED_AUTOS = YES_AGGRESSIVE;
				GCC_WARN_UNUSED_FUNCTION = YES;
				GCC_WARN_UNUSED_VARIABLE = YES;
				IPHONEOS_DEPLOYMENT_TARGET = 9.2;
				MTL_ENABLE_DEBUG_INFO = YES;
				ONLY_ACTIVE_ARCH = YES;
				SDKROOT = iphoneos;
				TARGETED_DEVICE_FAMILY = "1,2";
			};
			name = Debug;
		};
		AB8F5CC21C5E90F60055E98C /* Release */ = {
			isa = XCBuildConfiguration;
			buildSettings = {
				ALWAYS_SEARCH_USER_PATHS = NO;
				CLANG_CXX_LANGUAGE_STANDARD = "gnu++0x";
				CLANG_CXX_LIBRARY = "libc++";
				CLANG_ENABLE_MODULES = YES;
				CLANG_ENABLE_OBJC_ARC = YES;
				CLANG_WARN_BOOL_CONVERSION = YES;
				CLANG_WARN_CONSTANT_CONVERSION = YES;
				CLANG_WARN_DIRECT_OBJC_ISA_USAGE = YES_ERROR;
				CLANG_WARN_EMPTY_BODY = YES;
				CLANG_WARN_ENUM_CONVERSION = YES;
				CLANG_WARN_INT_CONVERSION = YES;
				CLANG_WARN_OBJC_ROOT_CLASS = YES_ERROR;
				CLANG_WARN_UNREACHABLE_CODE = YES;
				CLANG_WARN__DUPLICATE_METHOD_MATCH = YES;
				"CODE_SIGN_IDENTITY[sdk=iphoneos*]" = "iPhone Developer";
				COPY_PHASE_STRIP = NO;
				DEBUG_INFORMATION_FORMAT = "dwarf-with-dsym";
				ENABLE_NS_ASSERTIONS = NO;
				ENABLE_STRICT_OBJC_MSGSEND = YES;
				GCC_C_LANGUAGE_STANDARD = gnu99;
				GCC_NO_COMMON_BLOCKS = YES;
				GCC_WARN_64_TO_32_BIT_CONVERSION = YES;
				GCC_WARN_ABOUT_RETURN_TYPE = YES_ERROR;
				GCC_WARN_UNDECLARED_SELECTOR = YES;
				GCC_WARN_UNINITIALIZED_AUTOS = YES_AGGRESSIVE;
				GCC_WARN_UNUSED_FUNCTION = YES;
				GCC_WARN_UNUSED_VARIABLE = YES;
				IPHONEOS_DEPLOYMENT_TARGET = 9.2;
				MTL_ENABLE_DEBUG_INFO = NO;
				SDKROOT = iphoneos;
				TARGETED_DEVICE_FAMILY = "1,2";
				VALIDATE_PRODUCT = YES;
			};
			name = Release;
		};
		AB8F5CC41C5E90F60055E98C /* Debug */ = {
			isa = XCBuildConfiguration;
			baseConfigurationReference = F1174208E1F4607B7BC99E8F /* Pods-WhatToWatchTonight.debug.xcconfig */;
			buildSettings = {
				ASSETCATALOG_COMPILER_APPICON_NAME = AppIcon;
				INFOPLIST_FILE = WhatToWatchTonight/Info.plist;
				LD_RUNPATH_SEARCH_PATHS = "$(inherited) @executable_path/Frameworks";
				PRODUCT_BUNDLE_IDENTIFIER = IA.WhatToWatchTonight;
				PRODUCT_NAME = "$(TARGET_NAME)";
				TARGETED_DEVICE_FAMILY = 1;
			};
			name = Debug;
		};
		AB8F5CC51C5E90F60055E98C /* Release */ = {
			isa = XCBuildConfiguration;
			baseConfigurationReference = 0A4DB2535695212089D0A5F1 /* Pods-WhatToWatchTonight.release.xcconfig */;
			buildSettings = {
				ASSETCATALOG_COMPILER_APPICON_NAME = AppIcon;
				INFOPLIST_FILE = WhatToWatchTonight/Info.plist;
				LD_RUNPATH_SEARCH_PATHS = "$(inherited) @executable_path/Frameworks";
				PRODUCT_BUNDLE_IDENTIFIER = IA.WhatToWatchTonight;
				PRODUCT_NAME = "$(TARGET_NAME)";
				TARGETED_DEVICE_FAMILY = 1;
			};
			name = Release;
		};
/* End XCBuildConfiguration section */

/* Begin XCConfigurationList section */
		AB8F5CA71C5E90F50055E98C /* Build configuration list for PBXProject "WhatToWatchTonight" */ = {
			isa = XCConfigurationList;
			buildConfigurations = (
				AB8F5CC11C5E90F60055E98C /* Debug */,
				AB8F5CC21C5E90F60055E98C /* Release */,
			);
			defaultConfigurationIsVisible = 0;
			defaultConfigurationName = Release;
		};
		AB8F5CC31C5E90F60055E98C /* Build configuration list for PBXNativeTarget "WhatToWatchTonight" */ = {
			isa = XCConfigurationList;
			buildConfigurations = (
				AB8F5CC41C5E90F60055E98C /* Debug */,
				AB8F5CC51C5E90F60055E98C /* Release */,
			);
			defaultConfigurationIsVisible = 0;
			defaultConfigurationName = Release;
		};
/* End XCConfigurationList section */
	};
	rootObject = AB8F5CA41C5E90F50055E98C /* Project object */;
}
